
Microsoft Visual Studio Solution File, Format Version 12.00
# Visual Studio Version 17
VisualStudioVersion = 17.14.36310.24 d17.14
MinimumVisualStudioVersion = 10.0.40219.1
Project("{FAE04EC0-301F-11D3-BF4B-00C04F79EFBC}") = "ImperioCalaveraMVC", "ImperioCalaveraMVC\ImperioCalaveraMVC.csproj", "{53E894F9-87C0-40E3-86D7-D5930BDC3DB0}"
EndProject
Global
	GlobalSection(SolutionConfigurationPlatforms) = preSolution
		Debug|Any CPU = Debug|Any CPU
		Release|Any CPU = Release|Any CPU
	EndGlobalSection
	GlobalSection(ProjectConfigurationPlatforms) = postSolution
		{53E894F9-87C0-40E3-86D7-D5930BDC3DB0}.Debug|Any CPU.ActiveCfg = Debug|Any CPU
		{53E894F9-87C0-40E3-86D7-D5930BDC3DB0}.Debug|Any CPU.Build.0 = Debug|Any CPU
		{53E894F9-87C0-40E3-86D7-D5930BDC3DB0}.Release|Any CPU.ActiveCfg = Release|Any CPU
		{53E894F9-87C0-40E3-86D7-D5930BDC3DB0}.Release|Any CPU.Build.0 = Release|Any CPU
	EndGlobalSection
	GlobalSection(SolutionProperties) = preSolution
		HideSolutionNode = FALSE
	EndGlobalSection
	GlobalSection(ExtensibilityGlobals) = postSolution
		SolutionGuid = {41EEFB73-ED2C-44BB-8ADB-8C4F3443E01E}
	EndGlobalSection
EndGlobal
